Microsoft Visual Studio Solution File, Format Version 12.00
# Visual Studio Version 17
VisualStudioVersion = 17.5.2.0
MinimumVisualStudioVersion = 10.0.40219.1
Project("{FAE04EC0-301F-11D3-BF4B-00C04F79EFBC}") = "Shogendar.Karikari.Backend", "Shogendar.Karikari.Backend\Shogendar.Karikari.Backend.csproj", "{C8C79CB1-216B-3EBA-F975-B2F7AAA760F3}"
EndProject
Global
	GlobalSection(SolutionConfigurationPlatforms) = preSolution
		Debug|Any CPU = Debug|Any CPU
		Release|Any CPU = Release|Any CPU
	EndGlobalSection
	GlobalSection(ProjectConfigurationPlatforms) = postSolution
		{C8C79CB1-216B-3EBA-F975-B2F7AAA760F3}.Debug|Any CPU.ActiveCfg = Debug|Any CPU
		{C8C79CB1-216B-3EBA-F975-B2F7AAA760F3}.Debug|Any CPU.Build.0 = Debug|Any CPU
		{C8C79CB1-216B-3EBA-F975-B2F7AAA760F3}.Release|Any CPU.ActiveCfg = Release|Any CPU
		{C8C79CB1-216B-3EBA-F975-B2F7AAA760F3}.Release|Any CPU.Build.0 = Release|Any CPU
	EndGlobalSection
	GlobalSection(SolutionProperties) = preSolution
		HideSolutionNode = FALSE
	EndGlobalSection
	GlobalSection(ExtensibilityGlobals) = postSolution
		SolutionGuid = {F3C46B05-C314-4F36-BC61-9A632A2FBBA4}
	EndGlobalSection
EndGlobal
